// !$*UTF8*$!
{
	archiveVersion = 1;
	classes = {
	};
	objectVersion = 50;
	objects = {

/* Begin PBXBuildFile section */
		8744E1FF21257AD600CA02E0 /* AppDelegate.swift in Sources */ = {isa = PBXBuildFile; fileRef = 8744E1FE21257AD600CA02E0 /* AppDelegate.swift */; };
		8744E20121257AD600CA02E0 /* ViewController.swift in Sources */ = {isa = PBXBuildFile; fileRef = 8744E20021257AD600CA02E0 /* ViewController.swift */; };
		8744E20421257AD600CA02E0 /* Main.storyboard in Resources */ = {isa = PBXBuildFile; fileRef = 8744E20221257AD600CA02E0 /* Main.storyboard */; };
		8744E20621257AD800CA02E0 /* Assets.xcassets in Resources */ = {isa = PBXBuildFile; fileRef = 8744E20521257AD800CA02E0 /* Assets.xcassets */; };
		8744E20921257AD800CA02E0 /* LaunchScreen.storyboard in Resources */ = {isa = PBXBuildFile; fileRef = 8744E20721257AD800CA02E0 /* LaunchScreen.storyboard */; };
		8744E214212585F500CA02E0 /* Lobster_1.3.otf in Resources */ = {isa = PBXBuildFile; fileRef = 8744E213212585F500CA02E0 /* Lobster_1.3.otf */; };
		8744E216212587A200CA02E0 /* logo.png in Resources */ = {isa = PBXBuildFile; fileRef = 8744E215212587A200CA02E0 /* logo.png */; };
		8744E2192126979800CA02E0 /* Concentration.swift in Sources */ = {isa = PBXBuildFile; fileRef = 8744E2182126979800CA02E0 /* Concentration.swift */; };
		8744E21B212699BB00CA02E0 /* Card.swift in Sources */ = {isa = PBXBuildFile; fileRef = 8744E21A212699BB00CA02E0 /* Card.swift */; };
/* End PBXBuildFile section */

/* Begin PBXFileReference section */
		8744E1FB21257AD600CA02E0 /* Concentration.app */ = {isa = PBXFileReference; explicitFileType = wrapper.application; includeInIndex = 0; path = Concentration.app; sourceTree = BUILT_PRODUCTS_DIR; };
		8744E1FE21257AD600CA02E0 /* AppDelegate.swift */ = {isa = PBXFileReference; lastKnownFileType = sourcecode.swift; path = AppDelegate.swift; sourceTree = "<group>"; };
		8744E20021257AD600CA02E0 /* ViewController.swift */ = {isa = PBXFileReference; lastKnownFileType = sourcecode.swift; path = ViewController.swift; sourceTree = "<group>"; };
		8744E20321257AD600CA02E0 /* Base */ = {isa = PBXFileReference; lastKnownFileType = file.storyboard; name = Base; path = Base.lproj/Main.storyboard; sourceTree = "<group>"; };
		8744E20521257AD800CA02E0 /* Assets.xcassets */ = {isa = PBXFileReference; lastKnownFileType = folder.assetcatalog; path = Assets.xcassets; sourceTree = "<group>"; };
		8744E20821257AD800CA02E0 /* Base */ = {isa = PBXFileReference; lastKnownFileType = file.storyboard; name = Base; path = Base.lproj/LaunchScreen.storyboard; sourceTree = "<group>"; };
		8744E20A21257AD800CA02E0 /* Info.plist */ = {isa = PBXFileReference; lastKnownFileType = text.plist.xml; path = Info.plist; sourceTree = "<group>"; };
		8744E213212585F500CA02E0 /* Lobster_1.3.otf */ = {isa = PBXFileReference; lastKnownFileType = file; path = Lobster_1.3.otf; sourceTree = "<group>"; };
		8744E215212587A200CA02E0 /* logo.png */ = {isa = PBXFileReference; lastKnownFileType = image.png; path = logo.png; sourceTree = "<group>"; };
		8744E2182126979800CA02E0 /* Concentration.swift */ = {isa = PBXFileReference; lastKnownFileType = sourcecode.swift; path = Concentration.swift; sourceTree = "<group>"; };
		8744E21A212699BB00CA02E0 /* Card.swift */ = {isa = PBXFileReference; lastKnownFileType = sourcecode.swift; path = Card.swift; sourceTree = "<group>"; };
/* End PBXFileReference section */

/* Begin PBXFrameworksBuildPhase section */
		8744E1F821257AD600CA02E0 /* Frameworks */ = {
			isa = PBXFrameworksBuildPhase;
			buildActionMask = 2147483647;
			files = (
			);
			runOnlyForDeploymentPostprocessing = 0;
		};
/* End PBXFrameworksBuildPhase section */

/* Begin PBXGroup section */
		8744E1F221257AD600CA02E0 = {
			isa = PBXGroup;
			children = (
				8744E1FD21257AD600CA02E0 /* Concentration */,
				8744E1FC21257AD600CA02E0 /* Products */,
			);
			sourceTree = "<group>";
		};
		8744E1FC21257AD600CA02E0 /* Products */ = {
			isa = PBXGroup;
			children = (
				8744E1FB21257AD600CA02E0 /* Concentration.app */,
			);
			name = Products;
			sourceTree = "<group>";
		};
		8744E1FD21257AD600CA02E0 /* Concentration */ = {
			isa = PBXGroup;
			children = (
				8744E217212587B600CA02E0 /* Assets */,
				8744E1FE21257AD600CA02E0 /* AppDelegate.swift */,
				8744E20021257AD600CA02E0 /* ViewController.swift */,
				8744E20221257AD600CA02E0 /* Main.storyboard */,
				8744E2182126979800CA02E0 /* Concentration.swift */,
				8744E21A212699BB00CA02E0 /* Card.swift */,
				8744E20521257AD800CA02E0 /* Assets.xcassets */,
				8744E20721257AD800CA02E0 /* LaunchScreen.storyboard */,
				8744E20A21257AD800CA02E0 /* Info.plist */,
			);
			path = Concentration;
			sourceTree = "<group>";
		};
		8744E217212587B600CA02E0 /* Assets */ = {
			isa = PBXGroup;
			children = (
				8744E215212587A200CA02E0 /* logo.png */,
				8744E213212585F500CA02E0 /* Lobster_1.3.otf */,
			);
			path = Assets;
			sourceTree = "<group>";
		};
/* End PBXGroup section */

/* Begin PBXNativeTarget section */
		8744E1FA21257AD600CA02E0 /* Concentration */ = {
			isa = PBXNativeTarget;
			buildConfigurationList = 8744E20D21257AD800CA02E0 /* Build configuration list for PBXNativeTarget "Concentration" */;
			buildPhases = (
				8744E1F721257AD600CA02E0 /* Sources */,
				8744E1F821257AD600CA02E0 /* Frameworks */,
				8744E1F921257AD600CA02E0 /* Resources */,
			);
			buildRules = (
			);
			dependencies = (
			);
			name = Concentration;
			productName = Concentration;
			productReference = 8744E1FB21257AD600CA02E0 /* Concentration.app */;
			productType = "com.apple.product-type.application";
		};
/* End PBXNativeTarget section */

/* Begin PBXProject section */
		8744E1F321257AD600CA02E0 /* Project object */ = {
			isa = PBXProject;
			attributes = {
				LastSwiftUpdateCheck = 0940;
				LastUpgradeCheck = 0940;
				ORGANIZATIONNAME = "Mahesh Kumaran";
				TargetAttributes = {
					8744E1FA21257AD600CA02E0 = {
						CreatedOnToolsVersion = 9.4.1;
					};
				};
			};
			buildConfigurationList = 8744E1F621257AD600CA02E0 /* Build configuration list for PBXProject "Concentration" */;
			compatibilityVersion = "Xcode 9.3";
			developmentRegion = en;
			hasScannedForEncodings = 0;
			knownRegions = (
				en,
				Base,
			);
			mainGroup = 8744E1F221257AD600CA02E0;
			productRefGroup = 8744E1FC21257AD600CA02E0 /* Products */;
			projectDirPath = "";
			projectRoot = "";
			targets = (
				8744E1FA21257AD600CA02E0 /* Concentration */,
			);
		};
/* End PBXProject section */

/* Begin PBXResourcesBuildPhase section */
		8744E1F921257AD600CA02E0 /* Resources */ = {
			isa = PBXResourcesBuildPhase;
			buildActionMask = 2147483647;
			files = (
				8744E20921257AD800CA02E0 /* LaunchScreen.storyboard in Resources */,
				8744E216212587A200CA02E0 /* logo.png in Resources */,
				8744E20621257AD800CA02E0 /* Assets.xcassets in Resources */,
				8744E214212585F500CA02E0 /* Lobster_1.3.otf in Resources */,
				8744E20421257AD600CA02E0 /* Main.storyboard in Resources */,
			);
			runOnlyForDeploymentPostprocessing = 0;
		};
/* End PBXResourcesBuildPhase section */

/* Begin PBXSourcesBuildPhase section */
		8744E1F721257AD600CA02E0 /* Sources */ = {
			isa = PBXSourcesBuildPhase;
			buildActionMask = 2147483647;
			files = (
				8744E20121257AD600CA02E0 /* ViewController.swift in Sources */,
				8744E1FF21257AD600CA02E0 /* AppDelegate.swift in Sources */,
				8744E2192126979800CA02E0 /* Concentration.swift in Sources */,
				8744E21B212699BB00CA02E0 /* Card.swift in Sources */,
			);
			runOnlyForDeploymentPostprocessing = 0;
		};
/* End PBXSourcesBuildPhase section */

/* Begin PBXVariantGroup section */
		8744E20221257AD600CA02E0 /* Main.storyboard */ = {
			isa = PBXVariantGroup;
			children = (
				8744E20321257AD600CA02E0 /* Base */,
			);
			name = Main.storyboard;
			sourceTree = "<group>";
		};
		8744E20721257AD800CA02E0 /* LaunchScreen.storyboard */ = {
			isa = PBXVariantGroup;
			children = (
				8744E20821257AD800CA02E0 /* Base */,
			);
			name = LaunchScreen.storyboard;
			sourceTree = "<group>";
		};
/* End PBXVariantGroup section */

/* Begin XCBuildConfiguration section */
		8744E20B21257AD800CA02E0 /* Debug */ = {
			isa = XCBuildConfiguration;
			buildSettings = {
				ALWAYS_SEARCH_USER_PATHS = NO;
				CLANG_ANALYZER_NONNULL = YES;
				CLANG_ANALYZER_NUMBER_OBJECT_CONVERSION = YES_AGGRESSIVE;
				CLANG_CXX_LANGUAGE_STANDARD = "gnu++14";
				CLANG_CXX_LIBRARY = "libc++";
				CLANG_ENABLE_MODULES = YES;
				CLANG_ENABLE_OBJC_ARC = YES;
				CLANG_ENABLE_OBJC_WEAK = YES;
				CLANG_WARN_BLOCK_CAPTURE_AUTORELEASING = YES;
				CLANG_WARN_BOOL_CONVERSION = YES;
				CLANG_WARN_COMMA = YES;
				CLANG_WARN_CONSTANT_CONVERSION = YES;
				CLANG_WARN_DEPRECATED_OBJC_IMPLEMENTATIONS = YES;
				CLANG_WARN_DIRECT_OBJC_ISA_USAGE = YES_ERROR;
				CLANG_WARN_DOCUMENTATION_COMMENTS = YES;
				CLANG_WARN_EMPTY_BODY = YES;
				CLANG_WARN_ENUM_CONVERSION = YES;
				CLANG_WARN_INFINITE_RECURSION = YES;
				CLANG_WARN_INT_CONVERSION = YES;
				CLANG_WARN_NON_LITERAL_NULL_CONVERSION = YES;
				CLANG_WARN_OBJC_IMPLICIT_RETAIN_SELF = YES;
				CLANG_WARN_OBJC_LITERAL_CONVERSION = YES;
				CLANG_WARN_OBJC_ROOT_CLASS = YES_ERROR;
				CLANG_WARN_RANGE_LOOP_ANALYSIS = YES;
				CLANG_WARN_STRICT_PROTOTYPES = YES;
				CLANG_WARN_SUSPICIOUS_MOVE = YES;
				CLANG_WARN_UNGUARDED_AVAILABILITY = YES_AGGRESSIVE;
				CLANG_WARN_UNREACHABLE_CODE = YES;
				CLANG_WARN__DUPLICATE_METHOD_MATCH = YES;
				CODE_SIGN_IDENTITY = "iPhone Developer";
				COPY_PHASE_STRIP = NO;
				DEBUG_INFORMATION_FORMAT = dwarf;
				ENABLE_STRICT_OBJC_MSGSEND = YES;
				ENABLE_TESTABILITY = YES;
				GCC_C_LANGUAGE_STANDARD = gnu11;
				GCC_DYNAMIC_NO_PIC = NO;
				GCC_NO_COMMON_BLOCKS = YES;
				GCC_OPTIMIZATION_LEVEL = 0;
				GCC_PREPROCESSOR_DEFINITIONS = (
					"DEBUG=1",
					"$(inherited)",
				);
				GCC_WARN_64_TO_32_BIT_CONVERSION = YES;
				GCC_WARN_ABOUT_RETURN_TYPE = YES_ERROR;
				GCC_WARN_UNDECLARED_SELECTOR = YES;
				GCC_WARN_UNINITIALIZED_AUTOS = YES_AGGRESSIVE;
				GCC_WARN_UNUSED_FUNCTION = YES;
				GCC_WARN_UNUSED_VARIABLE = YES;
				IPHONEOS_DEPLOYMENT_TARGET = 11.4;
				MTL_ENABLE_DEBUG_INFO = YES;
				ONLY_ACTIVE_ARCH = YES;
				SDKROOT = iphoneos;
				SWIFT_ACTIVE_COMPILATION_CONDITIONS = DEBUG;
				SWIFT_OPTIMIZATION_LEVEL = "-Onone";
			};
			name = Debug;
		};
		8744E20C21257AD800CA02E0 /* Release */ = {
			isa = XCBuildConfiguration;
			buildSettings = {
				ALWAYS_SEARCH_USER_PATHS = NO;
				CLANG_ANALYZER_NONNULL = YES;
				CLANG_ANALYZER_NUMBER_OBJECT_CONVERSION = YES_AGGRESSIVE;
				CLANG_CXX_LANGUAGE_STANDARD = "gnu++14";
				CLANG_CXX_LIBRARY = "libc++";
				CLANG_ENABLE_MODULES = YES;
				CLANG_ENABLE_OBJC_ARC = YES;
				CLANG_ENABLE_OBJC_WEAK = YES;
				CLANG_WARN_BLOCK_CAPTURE_AUTORELEASING = YES;
				CLANG_WARN_BOOL_CONVERSION = YES;
				CLANG_WARN_COMMA = YES;
				CLANG_WARN_CONSTANT_CONVERSION = YES;
				CLANG_WARN_DEPRECATED_OBJC_IMPLEMENTATIONS = YES;
				CLANG_WARN_DIRECT_OBJC_ISA_USAGE = YES_ERROR;
				CLANG_WARN_DOCUMENTATION_COMMENTS = YES;
				CLANG_WARN_EMPTY_BODY = YES;
				CLANG_WARN_ENUM_CONVERSION = YES;
				CLANG_WARN_INFINITE_RECURSION = YES;
				CLANG_WARN_INT_CONVERSION = YES;
				CLANG_WARN_NON_LITERAL_NULL_CONVERSION = YES;
				CLANG_WARN_OBJC_IMPLICIT_RETAIN_SELF = YES;
				CLANG_WARN_OBJC_LITERAL_CONVERSION = YES;
				CLANG_WARN_OBJC_ROOT_CLASS = YES_ERROR;
				CLANG_WARN_RANGE_LOOP_ANALYSIS = YES;
				CLANG_WARN_STRICT_PROTOTYPES = YES;
				CLANG_WARN_SUSPICIOUS_MOVE = YES;
				CLANG_WARN_UNGUARDED_AVAILABILITY = YES_AGGRESSIVE;
				CLANG_WARN_UNREACHABLE_CODE = YES;
				CLANG_WARN__DUPLICATE_METHOD_MATCH = YES;
				CODE_SIGN_IDENTITY = "iPhone Developer";
				COPY_PHASE_STRIP = NO;
				DEBUG_INFORMATION_FORMAT = "dwarf-with-dsym";
				ENABLE_NS_ASSERTIONS = NO;
				ENABLE_STRICT_OBJC_MSGSEND = YES;
				GCC_C_LANGUAGE_STANDARD = gnu11;
				GCC_NO_COMMON_BLOCKS = YES;
				GCC_WARN_64_TO_32_BIT_CONVERSION = YES;
				GCC_WARN_ABOUT_RETURN_TYPE = YES_ERROR;
				GCC_WARN_UNDECLARED_SELECTOR = YES;
				GCC_WARN_UNINITIALIZED_AUTOS = YES_AGGRESSIVE;
				GCC_WARN_UNUSED_FUNCTION = YES;
				GCC_WARN_UNUSED_VARIABLE = YES;
				IPHONEOS_DEPLOYMENT_TARGET = 11.4;
				MTL_ENABLE_DEBUG_INFO = NO;
				SDKROOT = iphoneos;
				SWIFT_COMPILATION_MODE = wholemodule;
				SWIFT_OPTIMIZATION_LEVEL = "-O";
				VALIDATE_PRODUCT = YES;
			};
			name = Release;
		};
		8744E20E21257AD800CA02E0 /* Debug */ = {
			isa = XCBuildConfiguration;
			buildSettings = {
				ASSETCATALOG_COMPILER_APPICON_NAME = AppIcon;
				CODE_SIGN_STYLE = Automatic;
				DEVELOPMENT_TEAM = 757D9A4APN;
				INFOPLIST_FILE = Concentration/Info.plist;
				LD_RUNPATH_SEARCH_PATHS = (
					"$(inherited)",
					"@executable_path/Frameworks",
				);
				PRODUCT_BUNDLE_IDENTIFIER = com.mahesh.Concentration;
				PRODUCT_NAME = "$(TARGET_NAME)";
				SWIFT_VERSION = 4.0;
				TARGETED_DEVICE_FAMILY = "1,2";
			};
			name = Debug;
		};
		8744E20F21257AD800CA02E0 /* Release */ = {
			isa = XCBuildConfiguration;
			buildSettings = {
				ASSETCATALOG_COMPILER_APPICON_NAME = AppIcon;
				CODE_SIGN_STYLE = Automatic;
				DEVELOPMENT_TEAM = 757D9A4APN;
				INFOPLIST_FILE = Concentration/Info.plist;
				LD_RUNPATH_SEARCH_PATHS = (
					"$(inherited)",
					"@executable_path/Frameworks",
				);
				PRODUCT_BUNDLE_IDENTIFIER = com.mahesh.Concentration;
				PRODUCT_NAME = "$(TARGET_NAME)";
				SWIFT_VERSION = 4.0;
				TARGETED_DEVICE_FAMILY = "1,2";
			};
			name = Release;
		};
/* End XCBuildConfiguration section */

/* Begin XCConfigurationList section */
		8744E1F621257AD600CA02E0 /* Build configuration list for PBXProject "Concentration" */ = {
			isa = XCConfigurationList;
			buildConfigurations = (
				8744E20B21257AD800CA02E0 /* Debug */,
				8744E20C21257AD800CA02E0 /* Release */,
			);
			defaultConfigurationIsVisible = 0;
			defaultConfigurationName = Release;
		};
		8744E20D21257AD800CA02E0 /* Build configuration list for PBXNativeTarget "Concentration" */ = {
			isa = XCConfigurationList;
			buildConfigurations = (
				8744E20E21257AD800CA02E0 /* Debug */,
				8744E20F21257AD800CA02E0 /* Release */,
			);
			defaultConfigurationIsVisible = 0;
			defaultConfigurationName = Release;
		};
/* End XCConfigurationList section */
	};
	rootObject = 8744E1F321257AD600CA02E0 /* Project object */;
}
